
Microsoft Visual Studio Solution File, Format Version 12.00
# Visual Studio Version 17
VisualStudioVersion = 17.4.33205.214
MinimumVisualStudioVersion = 10.0.40219.1
Project("{FAE04EC0-301F-11D3-BF4B-00C04F79EFBC}") = "AddressBookDataBase", "AddressBookDataBase.csproj", "{E3967186-CBDA-434B-9D3C-73C9DA58A018}"
EndProject
Global
	GlobalSection(SolutionConfigurationPlatforms) = preSolution
		Debug|Any CPU = Debug|Any CPU
		Release|Any CPU = Release|Any CPU
	EndGlobalSection
	GlobalSection(ProjectConfigurationPlatforms) = postSolution
		{E3967186-CBDA-434B-9D3C-73C9DA58A018}.Debug|Any CPU.ActiveCfg = Debug|Any CPU
		{E3967186-CBDA-434B-9D3C-73C9DA58A018}.Debug|Any CPU.Build.0 = Debug|Any CPU
		{E3967186-CBDA-434B-9D3C-73C9DA58A018}.Release|Any CPU.ActiveCfg = Release|Any CPU
		{E3967186-CBDA-434B-9D3C-73C9DA58A018}.Release|Any CPU.Build.0 = Release|Any CPU
	EndGlobalSection
	GlobalSection(SolutionProperties) = preSolution
		HideSolutionNode = FALSE
	EndGlobalSection
	GlobalSection(ExtensibilityGlobals) = postSolution
		SolutionGuid = {2B38B192-A7AD-4EA7-8975-1714DD8E3718}
	EndGlobalSection
EndGlobal
